
Microsoft Visual Studio Solution File, Format Version 12.00
# Visual Studio 15
Project("{FAE04EC0-301F-11D3-BF4B-00C04F79EFBC}") = "Assembly-CSharp", "Assembly-CSharp.csproj", "{7C859377-E8CC-E88F-0C36-46F17F22ADCB}"
EndProject
Project("{FAE04EC0-301F-11D3-BF4B-00C04F79EFBC}") = "Assembly-CSharp-Editor", "Assembly-CSharp-Editor.csproj", "{82151009-3FD6-A2BD-3D6E-B5408F20E262}"
EndProject
Global
	GlobalSection(SolutionConfigurationPlatforms) = preSolution
		Debug|Any CPU = Debug|Any CPU
		Release|Any CPU = Release|Any CPU
	EndGlobalSection
	GlobalSection(ProjectConfigurationPlatforms) = postSolution
		{7C859377-E8CC-E88F-0C36-46F17F22ADCB}.Debug|Any CPU.ActiveCfg = Debug|Any CPU
		{7C859377-E8CC-E88F-0C36-46F17F22ADCB}.Debug|Any CPU.Build.0 = Debug|Any CPU
		{7C859377-E8CC-E88F-0C36-46F17F22ADCB}.Release|Any CPU.ActiveCfg = Release|Any CPU
		{7C859377-E8CC-E88F-0C36-46F17F22ADCB}.Release|Any CPU.Build.0 = Release|Any CPU
		{82151009-3FD6-A2BD-3D6E-B5408F20E262}.Debug|Any CPU.ActiveCfg = Debug|Any CPU
		{82151009-3FD6-A2BD-3D6E-B5408F20E262}.Debug|Any CPU.Build.0 = Debug|Any CPU
		{82151009-3FD6-A2BD-3D6E-B5408F20E262}.Release|Any CPU.ActiveCfg = Release|Any CPU
		{82151009-3FD6-A2BD-3D6E-B5408F20E262}.Release|Any CPU.Build.0 = Release|Any CPU
	EndGlobalSection
	GlobalSection(SolutionProperties) = preSolution
		HideSolutionNode = FALSE
	EndGlobalSection
EndGlobal
